Microsoft Visual Studio Solution File, Format Version 11.00
# Visual Studio 2008

Project("{DAACFAA9-36B8-2327-C97B-B77EBED266BA}") = "DoTweenProject", "Assembly-CSharp.csproj", "{FD8566D5-71F5-0633-669B-BFECCEAE0DD1}"
EndProject
Project("{DAACFAA9-36B8-2327-C97B-B77EBED266BA}") = "DoTweenProject", "Assembly-CSharp-Editor.csproj", "{F3D561B3-FDEE-4CCB-B68D-4504083A6166}"
EndProject
Global
	GlobalSection(SolutionConfigurationPlatforms) = preSolution
		Debug|Any CPU = Debug|Any CPU
		Release|Any CPU = Release|Any CPU
	EndGlobalSection
	GlobalSection(ProjectConfigurationPlatforms) = postSolution
		{FD8566D5-71F5-0633-669B-BFECCEAE0DD1}.Debug|Any CPU.ActiveCfg = Debug|Any CPU
		{FD8566D5-71F5-0633-669B-BFECCEAE0DD1}.Debug|Any CPU.Build.0 = Debug|Any CPU
		{FD8566D5-71F5-0633-669B-BFECCEAE0DD1}.Release|Any CPU.ActiveCfg = Release|Any CPU
		{FD8566D5-71F5-0633-669B-BFECCEAE0DD1}.Release|Any CPU.Build.0 = Release|Any CPU
		{F3D561B3-FDEE-4CCB-B68D-4504083A6166}.Debug|Any CPU.ActiveCfg = Debug|Any CPU
		{F3D561B3-FDEE-4CCB-B68D-4504083A6166}.Debug|Any CPU.Build.0 = Debug|Any CPU
		{F3D561B3-FDEE-4CCB-B68D-4504083A6166}.Release|Any CPU.ActiveCfg = Release|Any CPU
		{F3D561B3-FDEE-4CCB-B68D-4504083A6166}.Release|Any CPU.Build.0 = Release|Any CPU
	EndGlobalSection
	GlobalSection(SolutionProperties) = preSolution
		HideSolutionNode = FALSE
	EndGlobalSection
	GlobalSection(MonoDevelopProperties) = preSolution
		StartupItem = Assembly-CSharp.csproj
	EndGlobalSection
EndGlobal
