Microsoft Visual Studio Solution File, Format Version 11.00
# Visual Studio 2008

Project("{CBDDC4A6-EA28-E16C-9B45-F5F836465B4C}") = "MyMMO", "Assembly-CSharp.csproj", "{6B571DF2-7731-180F-E628-45E37C0A3420}"
EndProject
Project("{CBDDC4A6-EA28-E16C-9B45-F5F836465B4C}") = "MyMMO", "Assembly-CSharp-Editor.csproj", "{64EDCBAE-7017-73F4-7078-3A3C29921F75}"
EndProject
Global
	GlobalSection(SolutionConfigurationPlatforms) = preSolution
		Debug|Any CPU = Debug|Any CPU
		Release|Any CPU = Release|Any CPU
	EndGlobalSection
	GlobalSection(ProjectConfigurationPlatforms) = postSolution
		{6B571DF2-7731-180F-E628-45E37C0A3420}.Debug|Any CPU.ActiveCfg = Debug|Any CPU
		{6B571DF2-7731-180F-E628-45E37C0A3420}.Debug|Any CPU.Build.0 = Debug|Any CPU
		{6B571DF2-7731-180F-E628-45E37C0A3420}.Release|Any CPU.ActiveCfg = Release|Any CPU
		{6B571DF2-7731-180F-E628-45E37C0A3420}.Release|Any CPU.Build.0 = Release|Any CPU
		{64EDCBAE-7017-73F4-7078-3A3C29921F75}.Debug|Any CPU.ActiveCfg = Debug|Any CPU
		{64EDCBAE-7017-73F4-7078-3A3C29921F75}.Debug|Any CPU.Build.0 = Debug|Any CPU
		{64EDCBAE-7017-73F4-7078-3A3C29921F75}.Release|Any CPU.ActiveCfg = Release|Any CPU
		{64EDCBAE-7017-73F4-7078-3A3C29921F75}.Release|Any CPU.Build.0 = Release|Any CPU
	EndGlobalSection
	GlobalSection(SolutionProperties) = preSolution
		HideSolutionNode = FALSE
	EndGlobalSection
													GlobalSection(MonoDevelopProperties) = preSolution
		StartupItem = Assembly-CSharp.csproj
		Policies = $0
		$0.TextStylePolicy = $1
		$1.inheritsSet = null
		$1.scope = text/x-csharp
		$0.CSharpFormattingPolicy = $2
		$2.inheritsSet = Mono
		$2.inheritsScope = text/x-csharp
		$2.scope = text/x-csharp
		$0.TextStylePolicy = $3
		$3.FileWidth = 120
		$3.TabWidth = 4
		$3.EolMarker = Unix
		$3.inheritsSet = Mono
		$3.inheritsScope = text/plain
		$3.scope = text/plain
	EndGlobalSection

EndGlobal
