<?xml version="1.0" encoding="utf-8"?>
<Project ToolsVersion="4.0" xmlns="http://schemas.microsoft.com/developer/msbuild/2003">
  <ItemGroup>
    <Filter Include="源文件">
      <UniqueIdentifier>{4FC737F1-C7A5-4376-A066-2A32D752A2FF}</UniqueIdentifier>
      <Extensions>cpp;c;cc;cxx;def;odl;idl;hpj;bat;asm;asmx</Extensions>
    </Filter>
    <Filter Include="头文件">
      <UniqueIdentifier>{93995380-89BD-4b04-88EB-625FBE52EBFB}</UniqueIdentifier>
      <Extensions>h;hh;hpp;hxx;hm;inl;inc;ipp;xsd</Extensions>
    </Filter>
    <Filter Include="资源文件">
      <UniqueIdentifier>{67DA6AB6-F800-4c08-8B7A-83BB121AAD01}</UniqueIdentifier>
      <Extensions>rc;ico;cur;bmp;dlg;rc2;rct;bin;rgs;gif;jpg;jpeg;jpe;resx;tiff;tif;png;wav;mfcribbon-ms</Extensions>
    </Filter>
    <Filter Include="源文件\1.gettting_started">
      <UniqueIdentifier>{51c326ae-a415-4e58-b27d-d155b4f94bef}</UniqueIdentifier>
    </Filter>
  </ItemGroup>
  <ItemGroup>
    <ClCompile Include="Classes\glad.c">
      <Filter>源文件</Filter>
    </ClCompile>
    <ClCompile Include="Classes\HelloOpenGL.cpp">
      <Filter>源文件</Filter>
    </ClCompile>
    <ClCompile Include="Classes\1_gettting_started\hello_triangle_indexed.cpp">
      <Filter>源文件\1.gettting_started</Filter>
    </ClCompile>
    <ClCompile Include="Classes\1_gettting_started\hello_two_triangle.cpp">
      <Filter>源文件\1.gettting_started</Filter>
    </ClCompile>
    <ClCompile Include="Classes\1_gettting_started\hello_two_triangle_diff.cpp">
      <Filter>源文件\1.gettting_started</Filter>
    </ClCompile>
    <ClCompile Include="Classes\1_gettting_started\hello_two_triangle_two_shader.cpp">
      <Filter>源文件\1.gettting_started</Filter>
    </ClCompile>
    <ClCompile Include="Classes\1_gettting_started\shader_uniform.cpp">
      <Filter>源文件\1.gettting_started</Filter>
    </ClCompile>
    <ClCompile Include="Classes\1_gettting_started\shader_class.cpp">
      <Filter>源文件\1.gettting_started</Filter>
    </ClCompile>
    <ClCompile Include="Classes\1_gettting_started\texture.cpp">
      <Filter>源文件\1.gettting_started</Filter>
    </ClCompile>
  </ItemGroup>
  <ItemGroup>
    <ClInclude Include="OpenGL\includes\learnopengl\shader_s.h">
      <Filter>头文件</Filter>
    </ClInclude>
  </ItemGroup>
</Project>