Microsoft Visual Studio Solution File, Format Version 11.00
# Visual Studio 2008

Project("{29E14D6A-A56C-BBC6-D2EB-1869AAC84985}") = "MobileAcceleration", "Assembly-CSharp.csproj", "{F3ECEB1A-7BA2-2E99-862C-13AB5F2B544B}"
EndProject
Global
	GlobalSection(SolutionConfigurationPlatforms) = preSolution
		Debug|Any CPU = Debug|Any CPU
		Release|Any CPU = Release|Any CPU
	EndGlobalSection
	GlobalSection(ProjectConfigurationPlatforms) = postSolution
		{F3ECEB1A-7BA2-2E99-862C-13AB5F2B544B}.Debug|Any CPU.ActiveCfg = Debug|Any CPU
		{F3ECEB1A-7BA2-2E99-862C-13AB5F2B544B}.Debug|Any CPU.Build.0 = Debug|Any CPU
		{F3ECEB1A-7BA2-2E99-862C-13AB5F2B544B}.Release|Any CPU.ActiveCfg = Release|Any CPU
		{F3ECEB1A-7BA2-2E99-862C-13AB5F2B544B}.Release|Any CPU.Build.0 = Release|Any CPU
	EndGlobalSection
	GlobalSection(SolutionProperties) = preSolution
		HideSolutionNode = FALSE
	EndGlobalSection
		GlobalSection(MonoDevelopProperties) = preSolution
		StartupItem = Assembly-CSharp.csproj
		Policies = $0
		$0.TextStylePolicy = $1
		$1.inheritsSet = null
		$1.scope = text/x-csharp
		$0.CSharpFormattingPolicy = $2
		$2.inheritsSet = Mono
		$2.inheritsScope = text/x-csharp
		$2.scope = text/x-csharp
		$0.TextStylePolicy = $3
		$3.FileWidth = 120
		$3.TabWidth = 4
		$3.EolMarker = Unix
		$3.inheritsSet = Mono
		$3.inheritsScope = text/plain
		$3.scope = text/plain
	EndGlobalSection

EndGlobal
