
Microsoft Visual Studio Solution File, Format Version 12.00
# Visual Studio 2013
Project("{FAE04EC0-301F-11D3-BF4B-00C04F79EFBC}") = "ProfilerExample.CSharp", "ProfilerExample.CSharp.csproj", "{D24B2AAE-35BD-F309-280D-CFC1D1CC3BCC}"
EndProject
Global
	GlobalSection(SolutionConfigurationPlatforms) = preSolution
		Debug|Any CPU = Debug|Any CPU
		Release|Any CPU = Release|Any CPU
	EndGlobalSection
	GlobalSection(ProjectConfigurationPlatforms) = postSolution
		{D24B2AAE-35BD-F309-280D-CFC1D1CC3BCC}.Debug|Any CPU.ActiveCfg = Debug|Any CPU
		{D24B2AAE-35BD-F309-280D-CFC1D1CC3BCC}.Debug|Any CPU.Build.0 = Debug|Any CPU
		{D24B2AAE-35BD-F309-280D-CFC1D1CC3BCC}.Release|Any CPU.ActiveCfg = Release|Any CPU
		{D24B2AAE-35BD-F309-280D-CFC1D1CC3BCC}.Release|Any CPU.Build.0 = Release|Any CPU
	EndGlobalSection
	GlobalSection(SolutionProperties) = preSolution
		HideSolutionNode = FALSE
	EndGlobalSection
EndGlobal
