
Microsoft Visual Studio Solution File, Format Version 12.00
# Visual Studio 15
VisualStudioVersion = 15.0.26430.15
MinimumVisualStudioVersion = 10.0.40219.1
Project("{FAE04EC0-301F-11D3-BF4B-00C04F79EFBC}") = "ChainofResponsibilityPattern", "ChainofResponsibilityPattern\ChainofResponsibilityPattern.csproj", "{140377F0-0D7F-44C2-9381-972DA78F9F53}"
EndProject
Global
	GlobalSection(SolutionConfigurationPlatforms) = preSolution
		Debug|Any CPU = Debug|Any CPU
		Release|Any CPU = Release|Any CPU
	EndGlobalSection
	GlobalSection(ProjectConfigurationPlatforms) = postSolution
		{140377F0-0D7F-44C2-9381-972DA78F9F53}.Debug|Any CPU.ActiveCfg = Debug|Any CPU
		{140377F0-0D7F-44C2-9381-972DA78F9F53}.Debug|Any CPU.Build.0 = Debug|Any CPU
		{140377F0-0D7F-44C2-9381-972DA78F9F53}.Release|Any CPU.ActiveCfg = Release|Any CPU
		{140377F0-0D7F-44C2-9381-972DA78F9F53}.Release|Any CPU.Build.0 = Release|Any CPU
	EndGlobalSection
	GlobalSection(SolutionProperties) = preSolution
		HideSolutionNode = FALSE
	EndGlobalSection
EndGlobal
