Microsoft Visual Studio Solution File, Format Version 11.00
# Visual Studio 2008

Project("{51899D90-EC0C-B5A9-05E0-B15CB14DBE46}") = "UnityEditorExtension", "Assembly-CSharp.csproj", "{08925167-2C04-C388-9CDB-CE1140E4C037}"
EndProject
Global
	GlobalSection(SolutionConfigurationPlatforms) = preSolution
		Debug|Any CPU = Debug|Any CPU
		Release|Any CPU = Release|Any CPU
	EndGlobalSection
	GlobalSection(ProjectConfigurationPlatforms) = postSolution
		{08925167-2C04-C388-9CDB-CE1140E4C037}.Debug|Any CPU.ActiveCfg = Debug|Any CPU
		{08925167-2C04-C388-9CDB-CE1140E4C037}.Debug|Any CPU.Build.0 = Debug|Any CPU
		{08925167-2C04-C388-9CDB-CE1140E4C037}.Release|Any CPU.ActiveCfg = Release|Any CPU
		{08925167-2C04-C388-9CDB-CE1140E4C037}.Release|Any CPU.Build.0 = Release|Any CPU
	EndGlobalSection
	GlobalSection(SolutionProperties) = preSolution
		HideSolutionNode = FALSE
	EndGlobalSection
	GlobalSection(MonoDevelopProperties) = preSolution
		StartupItem = Assembly-CSharp.csproj
	EndGlobalSection
EndGlobal
