
Microsoft Visual Studio Solution File, Format Version 12.00
# Visual Studio 2012
Project("{FAE04EC0-301F-11D3-BF4B-00C04F79EFBC}") = "I18N_By_Json.CSharp", "I18N_By_Json.CSharp.csproj", "{4D3BF3B2-2DE5-8983-2B09-0E0F5EC71E58}"
EndProject
Global
	GlobalSection(SolutionConfigurationPlatforms) = preSolution
		Debug|Any CPU = Debug|Any CPU
		Release|Any CPU = Release|Any CPU
	EndGlobalSection
	GlobalSection(ProjectConfigurationPlatforms) = postSolution
		{4D3BF3B2-2DE5-8983-2B09-0E0F5EC71E58}.Debug|Any CPU.ActiveCfg = Debug|Any CPU
		{4D3BF3B2-2DE5-8983-2B09-0E0F5EC71E58}.Debug|Any CPU.Build.0 = Debug|Any CPU
		{4D3BF3B2-2DE5-8983-2B09-0E0F5EC71E58}.Release|Any CPU.ActiveCfg = Release|Any CPU
		{4D3BF3B2-2DE5-8983-2B09-0E0F5EC71E58}.Release|Any CPU.Build.0 = Release|Any CPU
	EndGlobalSection
	GlobalSection(SolutionProperties) = preSolution
		HideSolutionNode = FALSE
	EndGlobalSection
EndGlobal
