
Microsoft Visual Studio Solution File, Format Version 12.00
# Visual Studio 2013
Project("{FAE04EC0-301F-11D3-BF4B-00C04F79EFBC}") = "UnityEditorExtensionBySiKi.CSharp.Editor", "UnityEditorExtensionBySiKi.CSharp.Editor.csproj", "{06BC5622-2F4F-9ABB-C54E-AA73CDFEEFD9}"
EndProject
Global
	GlobalSection(SolutionConfigurationPlatforms) = preSolution
		Debug|Any CPU = Debug|Any CPU
		Release|Any CPU = Release|Any CPU
	EndGlobalSection
	GlobalSection(ProjectConfigurationPlatforms) = postSolution
		{06BC5622-2F4F-9ABB-C54E-AA73CDFEEFD9}.Debug|Any CPU.ActiveCfg = Debug|Any CPU
		{06BC5622-2F4F-9ABB-C54E-AA73CDFEEFD9}.Debug|Any CPU.Build.0 = Debug|Any CPU
		{06BC5622-2F4F-9ABB-C54E-AA73CDFEEFD9}.Release|Any CPU.ActiveCfg = Release|Any CPU
		{06BC5622-2F4F-9ABB-C54E-AA73CDFEEFD9}.Release|Any CPU.Build.0 = Release|Any CPU
	EndGlobalSection
	GlobalSection(SolutionProperties) = preSolution
		HideSolutionNode = FALSE
	EndGlobalSection
EndGlobal
