
Microsoft Visual Studio Solution File, Format Version 12.00
# Visual Studio 15
VisualStudioVersion = 15.0.27428.2002
MinimumVisualStudioVersion = 10.0.40219.1
Project("{FAE04EC0-301F-11D3-BF4B-00C04F79EFBC}") = "Xls2Lua", "Xls2Lua\Xls2Lua.csproj", "{725A45E2-1993-4C9D-8276-F86C1D41D25A}"
EndProject
Global
	GlobalSection(SolutionConfigurationPlatforms) = preSolution
		Debug|Any CPU = Debug|Any CPU
		Release|Any CPU = Release|Any CPU
	EndGlobalSection
	GlobalSection(ProjectConfigurationPlatforms) = postSolution
		{725A45E2-1993-4C9D-8276-F86C1D41D25A}.Debug|Any CPU.ActiveCfg = Debug|Any CPU
		{725A45E2-1993-4C9D-8276-F86C1D41D25A}.Debug|Any CPU.Build.0 = Debug|Any CPU
		{725A45E2-1993-4C9D-8276-F86C1D41D25A}.Release|Any CPU.ActiveCfg = Release|Any CPU
		{725A45E2-1993-4C9D-8276-F86C1D41D25A}.Release|Any CPU.Build.0 = Release|Any CPU
	EndGlobalSection
	GlobalSection(SolutionProperties) = preSolution
		HideSolutionNode = FALSE
	EndGlobalSection
	GlobalSection(ExtensibilityGlobals) = postSolution
		SolutionGuid = {C4DA8CC0-ACF1-47AC-9434-852A0BAA110A}
	EndGlobalSection
EndGlobal
