Microsoft Visual Studio Solution File, Format Version 11.00
# Visual Studio 2008

Project("{09657CF2-5228-E5E0-06A9-CC9C44236A0C}") = "UNetTraining", "Assembly-CSharp.csproj", "{BAE012E8-05D4-2BEA-2293-4EFCC782C4DC}"
EndProject
Global
	GlobalSection(SolutionConfigurationPlatforms) = preSolution
		Debug|Any CPU = Debug|Any CPU
		Release|Any CPU = Release|Any CPU
	EndGlobalSection
	GlobalSection(ProjectConfigurationPlatforms) = postSolution
		{BAE012E8-05D4-2BEA-2293-4EFCC782C4DC}.Debug|Any CPU.ActiveCfg = Debug|Any CPU
		{BAE012E8-05D4-2BEA-2293-4EFCC782C4DC}.Debug|Any CPU.Build.0 = Debug|Any CPU
		{BAE012E8-05D4-2BEA-2293-4EFCC782C4DC}.Release|Any CPU.ActiveCfg = Release|Any CPU
		{BAE012E8-05D4-2BEA-2293-4EFCC782C4DC}.Release|Any CPU.Build.0 = Release|Any CPU
	EndGlobalSection
	GlobalSection(SolutionProperties) = preSolution
		HideSolutionNode = FALSE
	EndGlobalSection
	GlobalSection(MonoDevelopProperties) = preSolution
		StartupItem = Assembly-CSharp.csproj
	EndGlobalSection
EndGlobal
