
Microsoft Visual Studio Solution File, Format Version 12.00
# Visual Studio 2017
Project("{FAE04EC0-301F-11D3-BF4B-00C04F79EFBC}") = "ParticleSystem.Plugins", "ParticleSystem.Plugins.csproj", "{5B1C3A8B-FC56-A1FB-32DC-EC5F5687B701}"
EndProject
Project("{FAE04EC0-301F-11D3-BF4B-00C04F79EFBC}") = "ParticleSystem", "ParticleSystem.csproj", "{093ED85E-F6F3-6A4B-B204-DB9F07C5BE6F}"
EndProject
Global
	GlobalSection(SolutionConfigurationPlatforms) = preSolution
		Debug|Any CPU = Debug|Any CPU
		Release|Any CPU = Release|Any CPU
	EndGlobalSection
	GlobalSection(ProjectConfigurationPlatforms) = postSolution
		{5B1C3A8B-FC56-A1FB-32DC-EC5F5687B701}.Debug|Any CPU.ActiveCfg = Debug|Any CPU
		{5B1C3A8B-FC56-A1FB-32DC-EC5F5687B701}.Debug|Any CPU.Build.0 = Debug|Any CPU
		{5B1C3A8B-FC56-A1FB-32DC-EC5F5687B701}.Release|Any CPU.ActiveCfg = Release|Any CPU
		{5B1C3A8B-FC56-A1FB-32DC-EC5F5687B701}.Release|Any CPU.Build.0 = Release|Any CPU
		{093ED85E-F6F3-6A4B-B204-DB9F07C5BE6F}.Debug|Any CPU.ActiveCfg = Debug|Any CPU
		{093ED85E-F6F3-6A4B-B204-DB9F07C5BE6F}.Debug|Any CPU.Build.0 = Debug|Any CPU
		{093ED85E-F6F3-6A4B-B204-DB9F07C5BE6F}.Release|Any CPU.ActiveCfg = Release|Any CPU
		{093ED85E-F6F3-6A4B-B204-DB9F07C5BE6F}.Release|Any CPU.Build.0 = Release|Any CPU
	EndGlobalSection
	GlobalSection(SolutionProperties) = preSolution
		HideSolutionNode = FALSE
	EndGlobalSection
EndGlobal
