
Microsoft Visual Studio Solution File, Format Version 12.00
# Visual Studio 2017
Project("{FAE04EC0-301F-11D3-BF4B-00C04F79EFBC}") = "Fruit_Ninja", "Fruit_Ninja.csproj", "{1AD9810C-73B3-E2A8-8C9D-F76047C83AD6}"
EndProject
Global
	GlobalSection(SolutionConfigurationPlatforms) = preSolution
		Debug|Any CPU = Debug|Any CPU
		Release|Any CPU = Release|Any CPU
	EndGlobalSection
	GlobalSection(ProjectConfigurationPlatforms) = postSolution
		{1AD9810C-73B3-E2A8-8C9D-F76047C83AD6}.Debug|Any CPU.ActiveCfg = Debug|Any CPU
		{1AD9810C-73B3-E2A8-8C9D-F76047C83AD6}.Debug|Any CPU.Build.0 = Debug|Any CPU
		{1AD9810C-73B3-E2A8-8C9D-F76047C83AD6}.Release|Any CPU.ActiveCfg = Release|Any CPU
		{1AD9810C-73B3-E2A8-8C9D-F76047C83AD6}.Release|Any CPU.Build.0 = Release|Any CPU
	EndGlobalSection
	GlobalSection(SolutionProperties) = preSolution
		HideSolutionNode = FALSE
	EndGlobalSection
EndGlobal
