
Microsoft Visual Studio Solution File, Format Version 12.00
# Visual Studio 2017
Project("{FAE04EC0-301F-11D3-BF4B-00C04F79EFBC}") = "DLLImportDemo", "DLLImportDemo.csproj", "{F6CC3240-5F14-0107-9CC3-49FA8F9920D1}"
EndProject
Global
	GlobalSection(SolutionConfigurationPlatforms) = preSolution
		Debug|Any CPU = Debug|Any CPU
		Release|Any CPU = Release|Any CPU
	EndGlobalSection
	GlobalSection(ProjectConfigurationPlatforms) = postSolution
		{F6CC3240-5F14-0107-9CC3-49FA8F9920D1}.Debug|Any CPU.ActiveCfg = Debug|Any CPU
		{F6CC3240-5F14-0107-9CC3-49FA8F9920D1}.Debug|Any CPU.Build.0 = Debug|Any CPU
		{F6CC3240-5F14-0107-9CC3-49FA8F9920D1}.Release|Any CPU.ActiveCfg = Release|Any CPU
		{F6CC3240-5F14-0107-9CC3-49FA8F9920D1}.Release|Any CPU.Build.0 = Release|Any CPU
	EndGlobalSection
	GlobalSection(SolutionProperties) = preSolution
		HideSolutionNode = FALSE
	EndGlobalSection
EndGlobal
