
Microsoft Visual Studio Solution File, Format Version 12.00
# Visual Studio 2013
Project("{FAE04EC0-301F-11D3-BF4B-00C04F79EFBC}") = "TimeHelper.CSharp", "TimeHelper.CSharp.csproj", "{52CB28D6-84E8-BDBE-A107-C89E765B3DB6}"
EndProject
Global
	GlobalSection(SolutionConfigurationPlatforms) = preSolution
		Debug|Any CPU = Debug|Any CPU
		Release|Any CPU = Release|Any CPU
	EndGlobalSection
	GlobalSection(ProjectConfigurationPlatforms) = postSolution
		{52CB28D6-84E8-BDBE-A107-C89E765B3DB6}.Debug|Any CPU.ActiveCfg = Debug|Any CPU
		{52CB28D6-84E8-BDBE-A107-C89E765B3DB6}.Debug|Any CPU.Build.0 = Debug|Any CPU
		{52CB28D6-84E8-BDBE-A107-C89E765B3DB6}.Release|Any CPU.ActiveCfg = Release|Any CPU
		{52CB28D6-84E8-BDBE-A107-C89E765B3DB6}.Release|Any CPU.Build.0 = Release|Any CPU
	EndGlobalSection
	GlobalSection(SolutionProperties) = preSolution
		HideSolutionNode = FALSE
	EndGlobalSection
EndGlobal
