Microsoft Visual Studio Solution File, Format Version 11.00
# Visual Studio 2008

Project("{A57290D0-6D53-CBA5-B9B3-2EBD11B88FC5}") = "timeScaleTest", "Assembly-CSharp.csproj", "{EF6750A9-FE28-D408-31BE-22FEBE7B1BE3}"
EndProject
Global
	GlobalSection(SolutionConfigurationPlatforms) = preSolution
		Debug|Any CPU = Debug|Any CPU
		Release|Any CPU = Release|Any CPU
	EndGlobalSection
	GlobalSection(ProjectConfigurationPlatforms) = postSolution
		{EF6750A9-FE28-D408-31BE-22FEBE7B1BE3}.Debug|Any CPU.ActiveCfg = Debug|Any CPU
		{EF6750A9-FE28-D408-31BE-22FEBE7B1BE3}.Debug|Any CPU.Build.0 = Debug|Any CPU
		{EF6750A9-FE28-D408-31BE-22FEBE7B1BE3}.Release|Any CPU.ActiveCfg = Release|Any CPU
		{EF6750A9-FE28-D408-31BE-22FEBE7B1BE3}.Release|Any CPU.Build.0 = Release|Any CPU
	EndGlobalSection
	GlobalSection(SolutionProperties) = preSolution
		HideSolutionNode = FALSE
	EndGlobalSection
	GlobalSection(MonoDevelopProperties) = preSolution
		StartupItem = Assembly-CSharp.csproj
	EndGlobalSection
EndGlobal
