
Microsoft Visual Studio Solution File, Format Version 12.00
# Visual Studio 2012
Project("{FAE04EC0-301F-11D3-BF4B-00C04F79EFBC}") = "Editor Test Runner.CSharp.Editor", "Editor Test Runner.CSharp.Editor.csproj", "{E8E0D9C0-24E2-A607-E958-BCF495C69B0D}"
EndProject
Global
	GlobalSection(SolutionConfigurationPlatforms) = preSolution
		Debug|Any CPU = Debug|Any CPU
		Release|Any CPU = Release|Any CPU
	EndGlobalSection
	GlobalSection(ProjectConfigurationPlatforms) = postSolution
		{E8E0D9C0-24E2-A607-E958-BCF495C69B0D}.Debug|Any CPU.ActiveCfg = Debug|Any CPU
		{E8E0D9C0-24E2-A607-E958-BCF495C69B0D}.Debug|Any CPU.Build.0 = Debug|Any CPU
		{E8E0D9C0-24E2-A607-E958-BCF495C69B0D}.Release|Any CPU.ActiveCfg = Release|Any CPU
		{E8E0D9C0-24E2-A607-E958-BCF495C69B0D}.Release|Any CPU.Build.0 = Release|Any CPU
	EndGlobalSection
	GlobalSection(SolutionProperties) = preSolution
		HideSolutionNode = FALSE
	EndGlobalSection
EndGlobal
