
Microsoft Visual Studio Solution File, Format Version 12.00
# Visual Studio 15
VisualStudioVersion = 15.0.27428.2002
MinimumVisualStudioVersion = 10.0.40219.1
Project("{FAE04EC0-301F-11D3-BF4B-00C04F79EFBC}") = "MultiDelegateException", "MultiDelegateException\MultiDelegateException.csproj", "{634B95E8-8556-4A4E-A247-AA2575F1C467}"
EndProject
Global
	GlobalSection(SolutionConfigurationPlatforms) = preSolution
		Debug|Any CPU = Debug|Any CPU
		Release|Any CPU = Release|Any CPU
	EndGlobalSection
	GlobalSection(ProjectConfigurationPlatforms) = postSolution
		{634B95E8-8556-4A4E-A247-AA2575F1C467}.Debug|Any CPU.ActiveCfg = Debug|Any CPU
		{634B95E8-8556-4A4E-A247-AA2575F1C467}.Debug|Any CPU.Build.0 = Debug|Any CPU
		{634B95E8-8556-4A4E-A247-AA2575F1C467}.Release|Any CPU.ActiveCfg = Release|Any CPU
		{634B95E8-8556-4A4E-A247-AA2575F1C467}.Release|Any CPU.Build.0 = Release|Any CPU
	EndGlobalSection
	GlobalSection(SolutionProperties) = preSolution
		HideSolutionNode = FALSE
	EndGlobalSection
	GlobalSection(ExtensibilityGlobals) = postSolution
		SolutionGuid = {90A65D06-B5C2-40D0-91AA-9A16DFE1810D}
	EndGlobalSection
EndGlobal
