Microsoft Visual Studio Solution File, Format Version 11.00
# Visual Studio 2008

Project("{0BC13280-EE29-4A55-3378-615C8A3868F3}") = "ChuYinAR", "Assembly-CSharp.csproj", "{88E0A0D4-9BD2-59DC-E50B-DE484D8BB346}"
EndProject
Project("{0BC13280-EE29-4A55-3378-615C8A3868F3}") = "ChuYinAR", "Assembly-CSharp-Editor.csproj", "{69B1B49A-A1DC-02C1-C362-3EE6B1ACD93A}"
EndProject
Project("{0BC13280-EE29-4A55-3378-615C8A3868F3}") = "ChuYinAR", "Assembly-UnityScript-Editor-firstpass.unityproj", "{E5A7F435-A775-9EE3-2B40-9EAF90D3BE39}"
EndProject
Global
	GlobalSection(SolutionConfigurationPlatforms) = preSolution
		Debug|Any CPU = Debug|Any CPU
		Release|Any CPU = Release|Any CPU
	EndGlobalSection
	GlobalSection(ProjectConfigurationPlatforms) = postSolution
		{88E0A0D4-9BD2-59DC-E50B-DE484D8BB346}.Debug|Any CPU.ActiveCfg = Debug|Any CPU
		{88E0A0D4-9BD2-59DC-E50B-DE484D8BB346}.Debug|Any CPU.Build.0 = Debug|Any CPU
		{88E0A0D4-9BD2-59DC-E50B-DE484D8BB346}.Release|Any CPU.ActiveCfg = Release|Any CPU
		{88E0A0D4-9BD2-59DC-E50B-DE484D8BB346}.Release|Any CPU.Build.0 = Release|Any CPU
		{69B1B49A-A1DC-02C1-C362-3EE6B1ACD93A}.Debug|Any CPU.ActiveCfg = Debug|Any CPU
		{69B1B49A-A1DC-02C1-C362-3EE6B1ACD93A}.Debug|Any CPU.Build.0 = Debug|Any CPU
		{69B1B49A-A1DC-02C1-C362-3EE6B1ACD93A}.Release|Any CPU.ActiveCfg = Release|Any CPU
		{69B1B49A-A1DC-02C1-C362-3EE6B1ACD93A}.Release|Any CPU.Build.0 = Release|Any CPU
		{E5A7F435-A775-9EE3-2B40-9EAF90D3BE39}.Debug|Any CPU.ActiveCfg = Debug|Any CPU
		{E5A7F435-A775-9EE3-2B40-9EAF90D3BE39}.Debug|Any CPU.Build.0 = Debug|Any CPU
		{E5A7F435-A775-9EE3-2B40-9EAF90D3BE39}.Release|Any CPU.ActiveCfg = Release|Any CPU
		{E5A7F435-A775-9EE3-2B40-9EAF90D3BE39}.Release|Any CPU.Build.0 = Release|Any CPU
	EndGlobalSection
	GlobalSection(SolutionProperties) = preSolution
		HideSolutionNode = FALSE
	EndGlobalSection
						GlobalSection(MonoDevelopProperties) = preSolution
		StartupItem = Assembly-CSharp.csproj
		Policies = $0
		$0.TextStylePolicy = $1
		$1.inheritsSet = null
		$1.scope = text/x-csharp
		$0.CSharpFormattingPolicy = $2
		$2.inheritsSet = Mono
		$2.inheritsScope = text/x-csharp
		$2.scope = text/x-csharp
		$0.TextStylePolicy = $3
		$3.FileWidth = 120
		$3.TabWidth = 4
		$3.IndentWidth = 4
		$3.EolMarker = Unix
		$3.inheritsSet = Mono
		$3.inheritsScope = text/plain
		$3.scope = text/plain
	EndGlobalSection

EndGlobal
