
Microsoft Visual Studio Solution File, Format Version 12.00
# Visual Studio 15
VisualStudioVersion = 15.0.26430.15
MinimumVisualStudioVersion = 10.0.40219.1
Project("{FAE04EC0-301F-11D3-BF4B-00C04F79EFBC}") = "ObserverPattern", "ObserverPattern\ObserverPattern.csproj", "{C89FA730-6A8F-4BE0-AF52-E352B036952F}"
EndProject
Global
	GlobalSection(SolutionConfigurationPlatforms) = preSolution
		Debug|Any CPU = Debug|Any CPU
		Release|Any CPU = Release|Any CPU
	EndGlobalSection
	GlobalSection(ProjectConfigurationPlatforms) = postSolution
		{C89FA730-6A8F-4BE0-AF52-E352B036952F}.Debug|Any CPU.ActiveCfg = Debug|Any CPU
		{C89FA730-6A8F-4BE0-AF52-E352B036952F}.Debug|Any CPU.Build.0 = Debug|Any CPU
		{C89FA730-6A8F-4BE0-AF52-E352B036952F}.Release|Any CPU.ActiveCfg = Release|Any CPU
		{C89FA730-6A8F-4BE0-AF52-E352B036952F}.Release|Any CPU.Build.0 = Release|Any CPU
	EndGlobalSection
	GlobalSection(SolutionProperties) = preSolution
		HideSolutionNode = FALSE
	EndGlobalSection
EndGlobal
