Microsoft Visual Studio Solution File, Format Version 11.00
# Visual Studio 2008

Project("{85247BEC-E1A9-48FC-259C-30EB48BAA3DF}") = "BatteryMan", "Assembly-CSharp-firstpass.csproj", "{A55933CA-EA99-7964-DD78-D64573AEB296}"
EndProject
Global
	GlobalSection(SolutionConfigurationPlatforms) = preSolution
		Debug|Any CPU = Debug|Any CPU
		Release|Any CPU = Release|Any CPU
	EndGlobalSection
	GlobalSection(ProjectConfigurationPlatforms) = postSolution
		{A55933CA-EA99-7964-DD78-D64573AEB296}.Debug|Any CPU.ActiveCfg = Debug|Any CPU
		{A55933CA-EA99-7964-DD78-D64573AEB296}.Debug|Any CPU.Build.0 = Debug|Any CPU
		{A55933CA-EA99-7964-DD78-D64573AEB296}.Release|Any CPU.ActiveCfg = Release|Any CPU
		{A55933CA-EA99-7964-DD78-D64573AEB296}.Release|Any CPU.Build.0 = Release|Any CPU
	EndGlobalSection
	GlobalSection(SolutionProperties) = preSolution
		HideSolutionNode = FALSE
	EndGlobalSection
	GlobalSection(MonoDevelopProperties) = preSolution
		StartupItem = Assembly-CSharp.csproj
	EndGlobalSection
EndGlobal
