
Microsoft Visual Studio Solution File, Format Version 12.00
# Visual Studio 14
VisualStudioVersion = 14.0.25420.1
MinimumVisualStudioVersion = 10.0.40219.1
Project("{FAE04EC0-301F-11D3-BF4B-00C04F79EFBC}") = "BridgePattern", "BridgePattern\BridgePattern.csproj", "{3453B954-AD49-4CB1-AF57-E21A5D3793CC}"
EndProject
Global
	GlobalSection(SolutionConfigurationPlatforms) = preSolution
		Debug|Any CPU = Debug|Any CPU
		Release|Any CPU = Release|Any CPU
	EndGlobalSection
	GlobalSection(ProjectConfigurationPlatforms) = postSolution
		{3453B954-AD49-4CB1-AF57-E21A5D3793CC}.Debug|Any CPU.ActiveCfg = Debug|Any CPU
		{3453B954-AD49-4CB1-AF57-E21A5D3793CC}.Debug|Any CPU.Build.0 = Debug|Any CPU
		{3453B954-AD49-4CB1-AF57-E21A5D3793CC}.Release|Any CPU.ActiveCfg = Release|Any CPU
		{3453B954-AD49-4CB1-AF57-E21A5D3793CC}.Release|Any CPU.Build.0 = Release|Any CPU
	EndGlobalSection
	GlobalSection(SolutionProperties) = preSolution
		HideSolutionNode = FALSE
	EndGlobalSection
EndGlobal
